
Microsoft Visual Studio Solution File, Format Version 12.00
# Visual Studio Version 17
VisualStudioVersion = 17.9.34622.214
MinimumVisualStudioVersion = 10.0.40219.1
Project("{FAE04EC0-301F-11D3-BF4B-00C04F79EFBC}") = "soru3", "soru3\soru3.csproj", "{CC1DBF16-FC35-4C40-8EB5-3CF007DEBB9E}"
EndProject
Global
	GlobalSection(SolutionConfigurationPlatforms) = preSolution
		Debug|Any CPU = Debug|Any CPU
		Release|Any CPU = Release|Any CPU
	EndGlobalSection
	GlobalSection(ProjectConfigurationPlatforms) = postSolution
		{CC1DBF16-FC35-4C40-8EB5-3CF007DEBB9E}.Debug|Any CPU.ActiveCfg = Debug|Any CPU
		{CC1DBF16-FC35-4C40-8EB5-3CF007DEBB9E}.Debug|Any CPU.Build.0 = Debug|Any CPU
		{CC1DBF16-FC35-4C40-8EB5-3CF007DEBB9E}.Release|Any CPU.ActiveCfg = Release|Any CPU
		{CC1DBF16-FC35-4C40-8EB5-3CF007DEBB9E}.Release|Any CPU.Build.0 = Release|Any CPU
	EndGlobalSection
	GlobalSection(SolutionProperties) = preSolution
		HideSolutionNode = FALSE
	EndGlobalSection
	GlobalSection(ExtensibilityGlobals) = postSolution
		SolutionGuid = {1892AAEB-FAB4-49FC-9E84-FB2AF5B4B914}
	EndGlobalSection
EndGlobal
