
Microsoft Visual Studio Solution File, Format Version 12.00
# Visual Studio Version 17
VisualStudioVersion = 17.7.34018.315
MinimumVisualStudioVersion = 10.0.40219.1
Project("{FAE04EC0-301F-11D3-BF4B-00C04F79EFBC}") = "Soru4", "Soru4\Soru4.csproj", "{ACFDE76A-257D-42CF-B71B-5FC0959FC741}"
EndProject
Global
	GlobalSection(SolutionConfigurationPlatforms) = preSolution
		Debug|Any CPU = Debug|Any CPU
		Release|Any CPU = Release|Any CPU
	EndGlobalSection
	GlobalSection(ProjectConfigurationPlatforms) = postSolution
		{ACFDE76A-257D-42CF-B71B-5FC0959FC741}.Debug|Any CPU.ActiveCfg = Debug|Any CPU
		{ACFDE76A-257D-42CF-B71B-5FC0959FC741}.Debug|Any CPU.Build.0 = Debug|Any CPU
		{ACFDE76A-257D-42CF-B71B-5FC0959FC741}.Release|Any CPU.ActiveCfg = Release|Any CPU
		{ACFDE76A-257D-42CF-B71B-5FC0959FC741}.Release|Any CPU.Build.0 = Release|Any CPU
	EndGlobalSection
	GlobalSection(SolutionProperties) = preSolution
		HideSolutionNode = FALSE
	EndGlobalSection
	GlobalSection(ExtensibilityGlobals) = postSolution
		SolutionGuid = {CC6D5A7C-01A9-4B3C-ACC2-594FB4604AEB}
	EndGlobalSection
EndGlobal
