
Microsoft Visual Studio Solution File, Format Version 12.00
# Visual Studio Version 17
VisualStudioVersion = 17.9.34622.214
MinimumVisualStudioVersion = 10.0.40219.1
Project("{FAE04EC0-301F-11D3-BF4B-00C04F79EFBC}") = "soru8", "soru8\soru8.csproj", "{518605DA-3D84-4A83-94B9-39D93E7FB490}"
EndProject
Global
	GlobalSection(SolutionConfigurationPlatforms) = preSolution
		Debug|Any CPU = Debug|Any CPU
		Release|Any CPU = Release|Any CPU
	EndGlobalSection
	GlobalSection(ProjectConfigurationPlatforms) = postSolution
		{518605DA-3D84-4A83-94B9-39D93E7FB490}.Debug|Any CPU.ActiveCfg = Debug|Any CPU
		{518605DA-3D84-4A83-94B9-39D93E7FB490}.Debug|Any CPU.Build.0 = Debug|Any CPU
		{518605DA-3D84-4A83-94B9-39D93E7FB490}.Release|Any CPU.ActiveCfg = Release|Any CPU
		{518605DA-3D84-4A83-94B9-39D93E7FB490}.Release|Any CPU.Build.0 = Release|Any CPU
	EndGlobalSection
	GlobalSection(SolutionProperties) = preSolution
		HideSolutionNode = FALSE
	EndGlobalSection
	GlobalSection(ExtensibilityGlobals) = postSolution
		SolutionGuid = {A42F99CB-4F06-4CE3-9FFF-8FA78D825059}
	EndGlobalSection
EndGlobal
